
Microsoft Visual Studio Solution File, Format Version 12.00
# Visual Studio Version 17
VisualStudioVersion = 17.6.33801.468
MinimumVisualStudioVersion = 10.0.40219.1
Project("{9A19103F-16F7-4668-BE54-9A1E7A4F7556}") = "AuctionSol", "AuctionSol\AuctionSol.csproj", "{D9C20E2D-9398-4187-B734-02841D63FB33}"
EndProject
Project("{9A19103F-16F7-4668-BE54-9A1E7A4F7556}") = "DAL", "DAL\DAL.csproj", "{3591B649-02A0-48F1-A3ED-641C5F04F16E}"
EndProject
Project("{2150E333-8FDC-42A3-9474-1A3956D46DE8}") = "AuctionSol.UI", "AuctionSol.UI", "{A5724C7B-87AC-41BD-B15C-C89B1A7C4F69}"
EndProject
Project("{FAE04EC0-301F-11D3-BF4B-00C04F79EFBC}") = "AuctionSolFront", "AuctionSolFront\AuctionSolFront.csproj", "{E83A71A2-488B-45BD-BAA3-EBDA1EBBA089}"
EndProject
Project("{FAE04EC0-301F-11D3-BF4B-00C04F79EFBC}") = "ViewModels", "ViewModels\ViewModels.csproj", "{3A32FED2-D894-458F-8F24-265145E9E43A}"
EndProject
Global
	GlobalSection(SolutionConfigurationPlatforms) = preSolution
		Debug|Any CPU = Debug|Any CPU
		Release|Any CPU = Release|Any CPU
	EndGlobalSection
	GlobalSection(ProjectConfigurationPlatforms) = postSolution
		{D9C20E2D-9398-4187-B734-02841D63FB33}.Debug|Any CPU.ActiveCfg = Debug|Any CPU
		{D9C20E2D-9398-4187-B734-02841D63FB33}.Debug|Any CPU.Build.0 = Debug|Any CPU
		{D9C20E2D-9398-4187-B734-02841D63FB33}.Release|Any CPU.ActiveCfg = Release|Any CPU
		{D9C20E2D-9398-4187-B734-02841D63FB33}.Release|Any CPU.Build.0 = Release|Any CPU
		{3591B649-02A0-48F1-A3ED-641C5F04F16E}.Debug|Any CPU.ActiveCfg = Debug|Any CPU
		{3591B649-02A0-48F1-A3ED-641C5F04F16E}.Debug|Any CPU.Build.0 = Debug|Any CPU
		{3591B649-02A0-48F1-A3ED-641C5F04F16E}.Release|Any CPU.ActiveCfg = Release|Any CPU
		{3591B649-02A0-48F1-A3ED-641C5F04F16E}.Release|Any CPU.Build.0 = Release|Any CPU
		{E83A71A2-488B-45BD-BAA3-EBDA1EBBA089}.Debug|Any CPU.ActiveCfg = Debug|Any CPU
		{E83A71A2-488B-45BD-BAA3-EBDA1EBBA089}.Debug|Any CPU.Build.0 = Debug|Any CPU
		{E83A71A2-488B-45BD-BAA3-EBDA1EBBA089}.Release|Any CPU.ActiveCfg = Release|Any CPU
		{E83A71A2-488B-45BD-BAA3-EBDA1EBBA089}.Release|Any CPU.Build.0 = Release|Any CPU
		{3A32FED2-D894-458F-8F24-265145E9E43A}.Debug|Any CPU.ActiveCfg = Debug|Any CPU
		{3A32FED2-D894-458F-8F24-265145E9E43A}.Debug|Any CPU.Build.0 = Debug|Any CPU
		{3A32FED2-D894-458F-8F24-265145E9E43A}.Release|Any CPU.ActiveCfg = Release|Any CPU
		{3A32FED2-D894-458F-8F24-265145E9E43A}.Release|Any CPU.Build.0 = Release|Any CPU
	EndGlobalSection
	GlobalSection(SolutionProperties) = preSolution
		HideSolutionNode = FALSE
	EndGlobalSection
	GlobalSection(NestedProjects) = preSolution
		{E83A71A2-488B-45BD-BAA3-EBDA1EBBA089} = {A5724C7B-87AC-41BD-B15C-C89B1A7C4F69}
		{3A32FED2-D894-458F-8F24-265145E9E43A} = {A5724C7B-87AC-41BD-B15C-C89B1A7C4F69}
	EndGlobalSection
	GlobalSection(ExtensibilityGlobals) = postSolution
		SolutionGuid = {1DC81B38-C436-477B-AFDD-2BB3BFA54C0A}
	EndGlobalSection
EndGlobal
